Microsoft Visual Studio Solution File, Format Version 12.00
# Visual Studio Version 17
VisualStudioVersion = 17.5.2.0
MinimumVisualStudioVersion = 10.0.40219.1
Project("{FAE04EC0-301F-11D3-BF4B-00C04F79EFBC}") = "escape-characters", "escape-characters.csproj", "{B38A4A5E-35DF-2BBD-EC80-A6285DA69DC9}"
EndProject
Global
	GlobalSection(SolutionConfigurationPlatforms) = preSolution
		Debug|Any CPU = Debug|Any CPU
		Release|Any CPU = Release|Any CPU
	EndGlobalSection
	GlobalSection(ProjectConfigurationPlatforms) = postSolution
		{B38A4A5E-35DF-2BBD-EC80-A6285DA69DC9}.Debug|Any CPU.ActiveCfg = Debug|Any CPU
		{B38A4A5E-35DF-2BBD-EC80-A6285DA69DC9}.Debug|Any CPU.Build.0 = Debug|Any CPU
		{B38A4A5E-35DF-2BBD-EC80-A6285DA69DC9}.Release|Any CPU.ActiveCfg = Release|Any CPU
		{B38A4A5E-35DF-2BBD-EC80-A6285DA69DC9}.Release|Any CPU.Build.0 = Release|Any CPU
	EndGlobalSection
	GlobalSection(SolutionProperties) = preSolution
		HideSolutionNode = FALSE
	EndGlobalSection
	GlobalSection(ExtensibilityGlobals) = postSolution
		SolutionGuid = {591F1D95-AF5E-422F-85B1-684AEFF30AFA}
	EndGlobalSection
EndGlobal
